{
  "version": "5",
  "specifiers": {
    "jsr:@std/assert@1.0.14": "1.0.14",
    "jsr:@std/assert@1.0.19": "1.0.19",
    "jsr:@std/internal@^1.0.10": "1.0.14",
    "jsr:@std/internal@^1.0.12": "1.0.14",
    "jsr:@swamp-club/swamp-testing@0.20260706.24": "0.20260706.24",
    "npm:@marcbachmann/cel-js@7.6.1": "7.6.1",
    "npm:@types/ws@8.18.1": "8.18.1",
    "npm:ws@8.21.3": "8.21.3",
    "npm:zod@4": "4.4.3",
    "npm:zod@4.4.3": "4.4.3",
    "npm:zod@^4.3.6": "4.4.3"
  },
  "jsr": {
    "@std/assert@1.0.14": {
      "integrity": "68d0d4a43b365abc927f45a9b85c639ea18a9fab96ad92281e493e4ed84abaa4",
      "dependencies": [
        "jsr:@std/internal@^1.0.10"
      ]
    },
    "@std/assert@1.0.19": {
      "integrity": "eaada96ee120cb980bc47e040f82814d786fe8162ecc53c91d8df60b8755991e",
      "dependencies": [
        "jsr:@std/internal@^1.0.12"
      ]
    },
    "@std/internal@1.0.14": {
      "integrity": "291516b3d4c35024d6ffbc0a9df5bf4c64116e05b50012cf846710152d2ffdf7"
    },
    "@swamp-club/swamp-testing@0.20260706.24": {
      "integrity": "19e87b6d74268959938fabe8dc0c51d5e57b95a3c8e17310430ae9e3ebb5bfe8",
      "dependencies": [
        "jsr:@std/assert@1.0.19",
        "npm:@marcbachmann/cel-js",
        "npm:zod@^4.3.6"
      ]
    }
  },
  "npm": {
    "@marcbachmann/cel-js@7.6.1": {
      "integrity": "sha512-YyY8yiDU07ByKb2rJUoNgMAkYeeDvkdrONBREV2MP9siAW7yNft0KfbIoonWTIMY0fGtv8og0EhzKx3Xsi1Nmg==",
      "bin": true
    },
    "@types/node@26.5.0": {
      "integrity": "sha512-dVSGpriSoCgz8WnDNTuSSuSv1PC/ALXihO4ulRZt7Md8k9mlbdin3lGOcDE8SnWOgf513ByWlXd7BK4azmyg/A==",
      "dependencies": [
        "undici-types"
      ]
    },
    "@types/ws@8.18.1": {
      "integrity": "sha512-ThVF6DCVhA8kUGy+aazFQ4kXQ7E1Ty7A3ypFOe0IcJV8O/M511G99AW24irKrW56Wt44yG9+ij8FaqoBGkuBXg==",
      "dependencies": [
        "@types/node"
      ]
    },
    "undici-types@8.9.0": {
      "integrity": "sha512-KTDyRTYX8sWmKXAikPHHSyc63CRPETMctyjKFupcC6OBLXT3xsN0e9aF7m+mIXutFWpUXuedtowG7iLOzp0kQg=="
    },
    "ws@8.21.3": {
      "integrity": "sha512-201TZ/kPWxoPr/OKWjquZR1SWKXcvxdH+e1xrx89b3YbmzLMFCLfnaG1HFIgWzJOEWZ7MvpK++odZufgYR50Rw=="
    },
    "zod@4.4.3": {
      "integrity": "sha512-ytENFjIJFl2UwYglde2jchW2Hwm4GJFLDiSXWdTrJQBIN9Fcyp7n4DhxJEiWNAJMV1/BqWfW/kkg71UDcHJyTQ=="
    }
  },
  "workspace": {
    "dependencies": [
      "jsr:@std/assert@1.0.14",
      "jsr:@swamp-club/swamp-testing@0.20260706.24",
      "npm:ws@8.21.3",
      "npm:zod@4.4.3"
    ]
  }
}
